
Microsoft Visual Studio Solution File, Format Version 12.00
Project("{FAE04EC0-301F-11D3-BF4B-00C04F79EFBC}") = "SqdcWatcher.DataAccess", "SqdcWatcher.DataAccess\SqdcWatcher.DataAccess.csproj", "{7BA25D49-E6F3-4B96-B370-DB0C16F34C43}"
EndProject
Project("{FAE04EC0-301F-11D3-BF4B-00C04F79EFBC}") = "SqdcWatcher.Data.Entities", "SqdcWatcher.Data.Entities\SqdcWatcher.Data.Entities.csproj", "{F7ABDBB4-1D7E-4819-A2ED-9C74D7A437FA}"
EndProject
Project("{FAE04EC0-301F-11D3-BF4B-00C04F79EFBC}") = "SqdcWatcher.ConsoleApp", "SqdcWatcher.Console\SqdcWatcher.ConsoleApp.csproj", "{FF0E3D21-FD19-4A86-924F-AE85DD3503AE}"
EndProject
Project("{FAE04EC0-301F-11D3-BF4B-00C04F79EFBC}") = "SqdcWatcher.Core", "SqdcWatcher.Core\SqdcWatcher.Core.csproj", "{7BC31864-936E-499C-AF94-94EDA9A3E916}"
EndProject
Project("{FAE04EC0-301F-11D3-BF4B-00C04F79EFBC}") = "SqdcWatcher.Slack", "SqdcWatcher.Slack\SqdcWatcher.Slack.csproj", "{007EEE51-C7BF-4047-9B9E-DB7B8C41175C}"
EndProject
Project("{2150E333-8FDC-42A3-9474-1A3956D46DE8}") = "Tests", "Tests", "{9C4DA52D-467D-4A0D-8E74-3FDFBD25BE31}"
EndProject
Project("{FAE04EC0-301F-11D3-BF4B-00C04F79EFBC}") = "SqdcWatcher.Core.Tests", "SqdcWatcher.Core.Tests\SqdcWatcher.Core.Tests.csproj", "{E949E016-228F-449F-86A8-223A76BDEC79}"
EndProject
Global
	GlobalSection(SolutionConfigurationPlatforms) = preSolution
		Debug|Any CPU = Debug|Any CPU
		Release|Any CPU = Release|Any CPU
	EndGlobalSection
	GlobalSection(ProjectConfigurationPlatforms) = postSolution
		{7BA25D49-E6F3-4B96-B370-DB0C16F34C43}.Debug|Any CPU.ActiveCfg = Debug|Any CPU
		{7BA25D49-E6F3-4B96-B370-DB0C16F34C43}.Debug|Any CPU.Build.0 = Debug|Any CPU
		{7BA25D49-E6F3-4B96-B370-DB0C16F34C43}.Release|Any CPU.ActiveCfg = Release|Any CPU
		{7BA25D49-E6F3-4B96-B370-DB0C16F34C43}.Release|Any CPU.Build.0 = Release|Any CPU
		{F7ABDBB4-1D7E-4819-A2ED-9C74D7A437FA}.Debug|Any CPU.ActiveCfg = Debug|Any CPU
		{F7ABDBB4-1D7E-4819-A2ED-9C74D7A437FA}.Debug|Any CPU.Build.0 = Debug|Any CPU
		{F7ABDBB4-1D7E-4819-A2ED-9C74D7A437FA}.Release|Any CPU.ActiveCfg = Release|Any CPU
		{F7ABDBB4-1D7E-4819-A2ED-9C74D7A437FA}.Release|Any CPU.Build.0 = Release|Any CPU
		{FF0E3D21-FD19-4A86-924F-AE85DD3503AE}.Debug|Any CPU.ActiveCfg = Debug|Any CPU
		{FF0E3D21-FD19-4A86-924F-AE85DD3503AE}.Debug|Any CPU.Build.0 = Debug|Any CPU
		{FF0E3D21-FD19-4A86-924F-AE85DD3503AE}.Release|Any CPU.ActiveCfg = Release|Any CPU
		{FF0E3D21-FD19-4A86-924F-AE85DD3503AE}.Release|Any CPU.Build.0 = Release|Any CPU
		{7BC31864-936E-499C-AF94-94EDA9A3E916}.Debug|Any CPU.ActiveCfg = Debug|Any CPU
		{7BC31864-936E-499C-AF94-94EDA9A3E916}.Debug|Any CPU.Build.0 = Debug|Any CPU
		{7BC31864-936E-499C-AF94-94EDA9A3E916}.Release|Any CPU.ActiveCfg = Release|Any CPU
		{7BC31864-936E-499C-AF94-94EDA9A3E916}.Release|Any CPU.Build.0 = Release|Any CPU
		{007EEE51-C7BF-4047-9B9E-DB7B8C41175C}.Debug|Any CPU.ActiveCfg = Debug|Any CPU
		{007EEE51-C7BF-4047-9B9E-DB7B8C41175C}.Debug|Any CPU.Build.0 = Debug|Any CPU
		{007EEE51-C7BF-4047-9B9E-DB7B8C41175C}.Release|Any CPU.ActiveCfg = Release|Any CPU
		{007EEE51-C7BF-4047-9B9E-DB7B8C41175C}.Release|Any CPU.Build.0 = Release|Any CPU
		{E949E016-228F-449F-86A8-223A76BDEC79}.Debug|Any CPU.ActiveCfg = Debug|Any CPU
		{E949E016-228F-449F-86A8-223A76BDEC79}.Debug|Any CPU.Build.0 = Debug|Any CPU
		{E949E016-228F-449F-86A8-223A76BDEC79}.Release|Any CPU.ActiveCfg = Release|Any CPU
		{E949E016-228F-449F-86A8-223A76BDEC79}.Release|Any CPU.Build.0 = Release|Any CPU
	EndGlobalSection
	GlobalSection(NestedProjects) = preSolution
		{E949E016-228F-449F-86A8-223A76BDEC79} = {9C4DA52D-467D-4A0D-8E74-3FDFBD25BE31}
	EndGlobalSection
EndGlobal
